
Microsoft Visual Studio Solution File, Format Version 12.00
# Visual Studio Version 16
VisualStudioVersion = 16.0.30907.101
MinimumVisualStudioVersion = 10.0.40219.1
Project("{FAE04EC0-301F-11D3-BF4B-00C04F79EFBC}") = "ToDo_API2", "ToDo_API2\ToDo_API2.csproj", "{F82A99A7-C700-4E4D-802B-7704E2D37C09}"
EndProject
Global
	GlobalSection(SolutionConfigurationPlatforms) = preSolution
		Debug|Any CPU = Debug|Any CPU
		Release|Any CPU = Release|Any CPU
	EndGlobalSection
	GlobalSection(ProjectConfigurationPlatforms) = postSolution
		{F82A99A7-C700-4E4D-802B-7704E2D37C09}.Debug|Any CPU.ActiveCfg = Debug|Any CPU
		{F82A99A7-C700-4E4D-802B-7704E2D37C09}.Debug|Any CPU.Build.0 = Debug|Any CPU
		{F82A99A7-C700-4E4D-802B-7704E2D37C09}.Release|Any CPU.ActiveCfg = Release|Any CPU
		{F82A99A7-C700-4E4D-802B-7704E2D37C09}.Release|Any CPU.Build.0 = Release|Any CPU
	EndGlobalSection
	GlobalSection(SolutionProperties) = preSolution
		HideSolutionNode = FALSE
	EndGlobalSection
	GlobalSection(ExtensibilityGlobals) = postSolution
		SolutionGuid = {EE8A8C56-CD30-416D-AC43-CBA7EE75CD24}
	EndGlobalSection
EndGlobal
